
Microsoft Visual Studio Solution File, Format Version 12.00
# Visual Studio Version 16
VisualStudioVersion = 16.0.31321.278
MinimumVisualStudioVersion = 10.0.40219.1
Project("{FAE04EC0-301F-11D3-BF4B-00C04F79EFBC}") = "WebAPIs", "WebAPIs\WebAPIs.csproj", "{2F87142D-DB5C-473B-8358-66628CBADF5A}"
EndProject
Global
	GlobalSection(SolutionConfigurationPlatforms) = preSolution
		Debug|Any CPU = Debug|Any CPU
		Release|Any CPU = Release|Any CPU
	EndGlobalSection
	GlobalSection(ProjectConfigurationPlatforms) = postSolution
		{2F87142D-DB5C-473B-8358-66628CBADF5A}.Debug|Any CPU.ActiveCfg = Debug|Any CPU
		{2F87142D-DB5C-473B-8358-66628CBADF5A}.Debug|Any CPU.Build.0 = Debug|Any CPU
		{2F87142D-DB5C-473B-8358-66628CBADF5A}.Release|Any CPU.ActiveCfg = Release|Any CPU
		{2F87142D-DB5C-473B-8358-66628CBADF5A}.Release|Any CPU.Build.0 = Release|Any CPU
	EndGlobalSection
	GlobalSection(SolutionProperties) = preSolution
		HideSolutionNode = FALSE
	EndGlobalSection
	GlobalSection(ExtensibilityGlobals) = postSolution
		SolutionGuid = {E57A72BB-6227-4B78-A8DF-495DEBB724C6}
	EndGlobalSection
EndGlobal
